// !$*UTF8*$!
{
	archiveVersion = 1;
	classes = {
	};
	objectVersion = 77;
	objects = {

/* Begin PBXContainerItemProxy section */
		CFA6B3062CF6F9B5004CA0DF /* PBXContainerItemProxy */ = {
			isa = PBXContainerItemProxy;
			containerPortal = CFA6B2ED2CF6F9B2004CA0DF /* Project object */;
			proxyType = 1;
			remoteGlobalIDString = CFA6B2F42CF6F9B3004CA0DF;
			remoteInfo = neversnooze;
		};
		CFA6B3102CF6F9B5004CA0DF /* PBXContainerItemProxy */ = {
			isa = PBXContainerItemProxy;
			containerPortal = CFA6B2ED2CF6F9B2004CA0DF /* Project object */;
			proxyType = 1;
			remoteGlobalIDString = CFA6B2F42CF6F9B3004CA0DF;
			remoteInfo = neversnooze;
		};
/* End PBXContainerItemProxy section */

/* Begin PBXFileReference section */
		CFA6B2F52CF6F9B3004CA0DF /* neversnooze.app */ = {isa = PBXFileReference; explicitFileType = wrapper.application; includeInIndex = 0; path = neversnooze.app; sourceTree = BUILT_PRODUCTS_DIR; };
		CFA6B3052CF6F9B5004CA0DF /* neversnoozeTests.xctest */ = {isa = PBXFileReference; explicitFileType = wrapper.cfbundle; includeInIndex = 0; path = neversnoozeTests.xctest; sourceTree = BUILT_PRODUCTS_DIR; };
		CFA6B30F2CF6F9B5004CA0DF /* neversnoozeUITests.xctest */ = {isa = PBXFileReference; explicitFileType = wrapper.cfbundle; includeInIndex = 0; path = neversnoozeUITests.xctest; sourceTree = BUILT_PRODUCTS_DIR; };
/* End PBXFileReference section */

/* Begin PBXFileSystemSynchronizedBuildFileExceptionSet section */
		CF87D9072CFBC4F400502E7B /* Exceptions for "neversnooze" folder in "neversnoozeTests" target */ = {
			isa = PBXFileSystemSynchronizedBuildFileExceptionSet;
			membershipExceptions = (
				"soundAssets/alarm-sound.mp3",
			);
			target = CFA6B3042CF6F9B5004CA0DF /* neversnoozeTests */;
		};
		CF87D9082CFBC4F400502E7B /* Exceptions for "neversnooze" folder in "neversnoozeUITests" target */ = {
			isa = PBXFileSystemSynchronizedBuildFileExceptionSet;
			membershipExceptions = (
				"soundAssets/alarm-sound.mp3",
			);
			target = CFA6B30E2CF6F9B5004CA0DF /* neversnoozeUITests */;
		};
/* End PBXFileSystemSynchronizedBuildFileExceptionSet section */

/* Begin PBXFileSystemSynchronizedRootGroup section */
		CFA6B2F72CF6F9B3004CA0DF /* neversnooze */ = {
			isa = PBXFileSystemSynchronizedRootGroup;
			exceptions = (
				CF87D9072CFBC4F400502E7B /* Exceptions for "neversnooze" folder in "neversnoozeTests" target */,
				CF87D9082CFBC4F400502E7B /* Exceptions for "neversnooze" folder in "neversnoozeUITests" target */,
			);
			path = neversnooze;
			sourceTree = "<group>";
		};
		CFA6B3082CF6F9B5004CA0DF /* neversnoozeTests */ = {
			isa = PBXFileSystemSynchronizedRootGroup;
			path = neversnoozeTests;
			sourceTree = "<group>";
		};
		CFA6B3122CF6F9B5004CA0DF /* neversnoozeUITests */ = {
			isa = PBXFileSystemSynchronizedRootGroup;
			path = neversnoozeUITests;
			sourceTree = "<group>";
		};
/* End PBXFileSystemSynchronizedRootGroup section */

/* Begin PBXFrameworksBuildPhase section */
		CFA6B2F22CF6F9B3004CA0DF /* Frameworks */ = {
			isa = PBXFrameworksBuildPhase;
			buildActionMask = 2147483647;
			files = (
			);
			runOnlyForDeploymentPostprocessing = 0;
		};
		CFA6B3022CF6F9B5004CA0DF /* Frameworks */ = {
			isa = PBXFrameworksBuildPhase;
			buildActionMask = 2147483647;
			files = (
			);
			runOnlyForDeploymentPostprocessing = 0;
		};
		CFA6B30C2CF6F9B5004CA0DF /* Frameworks */ = {
			isa = PBXFrameworksBuildPhase;
			buildActionMask = 2147483647;
			files = (
			);
			runOnlyForDeploymentPostprocessing = 0;
		};
/* End PBXFrameworksBuildPhase section */

/* Begin PBXGroup section */
		CFA6B2EC2CF6F9B2004CA0DF = {
			isa = PBXGroup;
			children = (
				CFA6B2F72CF6F9B3004CA0DF /* neversnooze */,
				CFA6B3082CF6F9B5004CA0DF /* neversnoozeTests */,
				CFA6B3122CF6F9B5004CA0DF /* neversnoozeUITests */,
				CFA6B2F62CF6F9B3004CA0DF /* Products */,
			);
			sourceTree = "<group>";
		};
		CFA6B2F62CF6F9B3004CA0DF /* Products */ = {
			isa = PBXGroup;
			children = (
				CFA6B2F52CF6F9B3004CA0DF /* neversnooze.app */,
				CFA6B3052CF6F9B5004CA0DF /* neversnoozeTests.xctest */,
				CFA6B30F2CF6F9B5004CA0DF /* neversnoozeUITests.xctest */,
			);
			name = Products;
			sourceTree = "<group>";
		};
/* End PBXGroup section */

/* Begin PBXNativeTarget section */
		CFA6B2F42CF6F9B3004CA0DF /* neversnooze */ = {
			isa = PBXNativeTarget;
			buildConfigurationList = CFA6B3192CF6F9B5004CA0DF /* Build configuration list for PBXNativeTarget "neversnooze" */;
			buildPhases = (
				CFA6B2F12CF6F9B3004CA0DF /* Sources */,
				CFA6B2F22CF6F9B3004CA0DF /* Frameworks */,
				CFA6B2F32CF6F9B3004CA0DF /* Resources */,
			);
			buildRules = (
			);
			dependencies = (
			);
			fileSystemSynchronizedGroups = (
				CFA6B2F72CF6F9B3004CA0DF /* neversnooze */,
			);
			name = neversnooze;
			packageProductDependencies = (
			);
			productName = neversnooze;
			productReference = CFA6B2F52CF6F9B3004CA0DF /* neversnooze.app */;
			productType = "com.apple.product-type.application";
		};
		CFA6B3042CF6F9B5004CA0DF /* neversnoozeTests */ = {
			isa = PBXNativeTarget;
			buildConfigurationList = CFA6B31C2CF6F9B5004CA0DF /* Build configuration list for PBXNativeTarget "neversnoozeTests" */;
			buildPhases = (
				CFA6B3012CF6F9B5004CA0DF /* Sources */,
				CFA6B3022CF6F9B5004CA0DF /* Frameworks */,
				CFA6B3032CF6F9B5004CA0DF /* Resources */,
			);
			buildRules = (
			);
			dependencies = (
				CFA6B3072CF6F9B5004CA0DF /* PBXTargetDependency */,
			);
			fileSystemSynchronizedGroups = (
				CFA6B3082CF6F9B5004CA0DF /* neversnoozeTests */,
			);
			name = neversnoozeTests;
			packageProductDependencies = (
			);
			productName = neversnoozeTests;
			productReference = CFA6B3052CF6F9B5004CA0DF /* neversnoozeTests.xctest */;
			productType = "com.apple.product-type.bundle.unit-test";
		};
		CFA6B30E2CF6F9B5004CA0DF /* neversnoozeUITests */ = {
			isa = PBXNativeTarget;
			buildConfigurationList = CFA6B31F2CF6F9B5004CA0DF /* Build configuration list for PBXNativeTarget "neversnoozeUITests" */;
			buildPhases = (
				CFA6B30B2CF6F9B5004CA0DF /* Sources */,
				CFA6B30C2CF6F9B5004CA0DF /* Frameworks */,
				CFA6B30D2CF6F9B5004CA0DF /* Resources */,
			);
			buildRules = (
			);
			dependencies = (
				CFA6B3112CF6F9B5004CA0DF /* PBXTargetDependency */,
			);
			fileSystemSynchronizedGroups = (
				CFA6B3122CF6F9B5004CA0DF /* neversnoozeUITests */,
			);
			name = neversnoozeUITests;
			packageProductDependencies = (
			);
			productName = neversnoozeUITests;
			productReference = CFA6B30F2CF6F9B5004CA0DF /* neversnoozeUITests.xctest */;
			productType = "com.apple.product-type.bundle.ui-testing";
		};
/* End PBXNativeTarget section */

/* Begin PBXProject section */
		CFA6B2ED2CF6F9B2004CA0DF /* Project object */ = {
			isa = PBXProject;
			attributes = {
				BuildIndependentTargetsInParallel = 1;
				LastSwiftUpdateCheck = 1610;
				LastUpgradeCheck = 1610;
				TargetAttributes = {
					CFA6B2F42CF6F9B3004CA0DF = {
						CreatedOnToolsVersion = 16.1;
					};
					CFA6B3042CF6F9B5004CA0DF = {
						CreatedOnToolsVersion = 16.1;
						TestTargetID = CFA6B2F42CF6F9B3004CA0DF;
					};
					CFA6B30E2CF6F9B5004CA0DF = {
						CreatedOnToolsVersion = 16.1;
						TestTargetID = CFA6B2F42CF6F9B3004CA0DF;
					};
				};
			};
			buildConfigurationList = CFA6B2F02CF6F9B3004CA0DF /* Build configuration list for PBXProject "neversnooze" */;
			developmentRegion = en;
			hasScannedForEncodings = 0;
			knownRegions = (
				en,
				Base,
			);
			mainGroup = CFA6B2EC2CF6F9B2004CA0DF;
			minimizedProjectReferenceProxies = 1;
			preferredProjectObjectVersion = 77;
			productRefGroup = CFA6B2F62CF6F9B3004CA0DF /* Products */;
			projectDirPath = "";
			projectRoot = "";
			targets = (
				CFA6B2F42CF6F9B3004CA0DF /* neversnooze */,
				CFA6B3042CF6F9B5004CA0DF /* neversnoozeTests */,
				CFA6B30E2CF6F9B5004CA0DF /* neversnoozeUITests */,
			);
		};
/* End PBXProject section */

/* Begin PBXResourcesBuildPhase section */
		CFA6B2F32CF6F9B3004CA0DF /* Resources */ = {
			isa = PBXResourcesBuildPhase;
			buildActionMask = 2147483647;
			files = (
			);
			runOnlyForDeploymentPostprocessing = 0;
		};
		CFA6B3032CF6F9B5004CA0DF /* Resources */ = {
			isa = PBXResourcesBuildPhase;
			buildActionMask = 2147483647;
			files = (
			);
			runOnlyForDeploymentPostprocessing = 0;
		};
		CFA6B30D2CF6F9B5004CA0DF /* Resources */ = {
			isa = PBXResourcesBuildPhase;
			buildActionMask = 2147483647;
			files = (
			);
			runOnlyForDeploymentPostprocessing = 0;
		};
/* End PBXResourcesBuildPhase section */

/* Begin PBXSourcesBuildPhase section */
		CFA6B2F12CF6F9B3004CA0DF /* Sources */ = {
			isa = PBXSourcesBuildPhase;
			buildActionMask = 2147483647;
			files = (
			);
			runOnlyForDeploymentPostprocessing = 0;
		};
		CFA6B3012CF6F9B5004CA0DF /* Sources */ = {
			isa = PBXSourcesBuildPhase;
			buildActionMask = 2147483647;
			files = (
			);
			runOnlyForDeploymentPostprocessing = 0;
		};
		CFA6B30B2CF6F9B5004CA0DF /* Sources */ = {
			isa = PBXSourcesBuildPhase;
			buildActionMask = 2147483647;
			files = (
			);
			runOnlyForDeploymentPostprocessing = 0;
		};
/* End PBXSourcesBuildPhase section */

/* Begin PBXTargetDependency section */
		CFA6B3072CF6F9B5004CA0DF /* PBXTargetDependency */ = {
			isa = PBXTargetDependency;
			target = CFA6B2F42CF6F9B3004CA0DF /* neversnooze */;
			targetProxy = CFA6B3062CF6F9B5004CA0DF /* PBXContainerItemProxy */;
		};
		CFA6B3112CF6F9B5004CA0DF /* PBXTargetDependency */ = {
			isa = PBXTargetDependency;
			target = CFA6B2F42CF6F9B3004CA0DF /* neversnooze */;
			targetProxy = CFA6B3102CF6F9B5004CA0DF /* PBXContainerItemProxy */;
		};
/* End PBXTargetDependency section */

/* Begin XCBuildConfiguration section */
		CFA6B3172CF6F9B5004CA0DF /* Debug */ = {
			isa = XCBuildConfiguration;
			buildSettings = {
				ALWAYS_SEARCH_USER_PATHS = NO;
				ASSETCATALOG_COMPILER_GENERATE_SWIFT_ASSET_SYMBOL_EXTENSIONS = YES;
				CLANG_ANALYZER_NONNULL = YES;
				CLANG_ANALYZER_NUMBER_OBJECT_CONVERSION = YES_AGGRESSIVE;
				CLANG_CXX_LANGUAGE_STANDARD = "gnu++20";
				CLANG_ENABLE_MODULES = YES;
				CLANG_ENABLE_OBJC_ARC = YES;
				CLANG_ENABLE_OBJC_WEAK = YES;
				CLANG_WARN_BLOCK_CAPTURE_AUTORELEASING = YES;
				CLANG_WARN_BOOL_CONVERSION = YES;
				CLANG_WARN_COMMA = YES;
				CLANG_WARN_CONSTANT_CONVERSION = YES;
				CLANG_WARN_DEPRECATED_OBJC_IMPLEMENTATIONS = YES;
				CLANG_WARN_DIRECT_OBJC_ISA_USAGE = YES_ERROR;
				CLANG_WARN_DOCUMENTATION_COMMENTS = YES;
				CLANG_WARN_EMPTY_BODY = YES;
				CLANG_WARN_ENUM_CONVERSION = YES;
				CLANG_WARN_INFINITE_RECURSION = YES;
				CLANG_WARN_INT_CONVERSION = YES;
				CLANG_WARN_NON_LITERAL_NULL_CONVERSION = YES;
				CLANG_WARN_OBJC_IMPLICIT_RETAIN_SELF = YES;
				CLANG_WARN_OBJC_LITERAL_CONVERSION = YES;
				CLANG_WARN_OBJC_ROOT_CLASS = YES_ERROR;
				CLANG_WARN_QUOTED_INCLUDE_IN_FRAMEWORK_HEADER = YES;
				CLANG_WARN_RANGE_LOOP_ANALYSIS = YES;
				CLANG_WARN_STRICT_PROTOTYPES = YES;
				CLANG_WARN_SUSPICIOUS_MOVE = YES;
				CLANG_WARN_UNGUARDED_AVAILABILITY = YES_AGGRESSIVE;
				CLANG_WARN_UNREACHABLE_CODE = YES;
				CLANG_WARN__DUPLICATE_METHOD_MATCH = YES;
				COPY_PHASE_STRIP = NO;
				DEBUG_INFORMATION_FORMAT = dwarf;
				ENABLE_STRICT_OBJC_MSGSEND = YES;
				ENABLE_TESTABILITY = YES;
				ENABLE_USER_SCRIPT_SANDBOXING = YES;
				GCC_C_LANGUAGE_STANDARD = gnu17;
				GCC_DYNAMIC_NO_PIC = NO;
				GCC_NO_COMMON_BLOCKS = YES;
				GCC_OPTIMIZATION_LEVEL = 0;
				GCC_PREPROCESSOR_DEFINITIONS = (
					"DEBUG=1",
					"$(inherited)",
				);
				GCC_WARN_64_TO_32_BIT_CONVERSION = YES;
				GCC_WARN_ABOUT_RETURN_TYPE = YES_ERROR;
				GCC_WARN_UNDECLARED_SELECTOR = YES;
				GCC_WARN_UNINITIALIZED_AUTOS = YES_AGGRESSIVE;
				GCC_WARN_UNUSED_FUNCTION = YES;
				GCC_WARN_UNUSED_VARIABLE = YES;
				IPHONEOS_DEPLOYMENT_TARGET = 18.1;
				LOCALIZATION_PREFERS_STRING_CATALOGS = YES;
				MTL_ENABLE_DEBUG_INFO = INCLUDE_SOURCE;
				MTL_FAST_MATH = YES;
				ONLY_ACTIVE_ARCH = YES;
				SDKROOT = iphoneos;
				SWIFT_ACTIVE_COMPILATION_CONDITIONS = "DEBUG $(inherited)";
				SWIFT_OPTIMIZATION_LEVEL = "-Onone";
			};
			name = Debug;
		};
		CFA6B3182CF6F9B5004CA0DF /* Release */ = {
			isa = XCBuildConfiguration;
			buildSettings = {
				ALWAYS_SEARCH_USER_PATHS = NO;
				ASSETCATALOG_COMPILER_GENERATE_SWIFT_ASSET_SYMBOL_EXTENSIONS = YES;
				CLANG_ANALYZER_NONNULL = YES;
				CLANG_ANALYZER_NUMBER_OBJECT_CONVERSION = YES_AGGRESSIVE;
				CLANG_CXX_LANGUAGE_STANDARD = "gnu++20";
				CLANG_ENABLE_MODULES = YES;
				CLANG_ENABLE_OBJC_ARC = YES;
				CLANG_ENABLE_OBJC_WEAK = YES;
				CLANG_WARN_BLOCK_CAPTURE_AUTORELEASING = YES;
				CLANG_WARN_BOOL_CONVERSION = YES;
				CLANG_WARN_COMMA = YES;
				CLANG_WARN_CONSTANT_CONVERSION = YES;
				CLANG_WARN_DEPRECATED_OBJC_IMPLEMENTATIONS = YES;
				CLANG_WARN_DIRECT_OBJC_ISA_USAGE = YES_ERROR;
				CLANG_WARN_DOCUMENTATION_COMMENTS = YES;
				CLANG_WARN_EMPTY_BODY = YES;
				CLANG_WARN_ENUM_CONVERSION = YES;
				CLANG_WARN_INFINITE_RECURSION = YES;
				CLANG_WARN_INT_CONVERSION = YES;
				CLANG_WARN_NON_LITERAL_NULL_CONVERSION = YES;
				CLANG_WARN_OBJC_IMPLICIT_RETAIN_SELF = YES;
				CLANG_WARN_OBJC_LITERAL_CONVERSION = YES;
				CLANG_WARN_OBJC_ROOT_CLASS = YES_ERROR;
				CLANG_WARN_QUOTED_INCLUDE_IN_FRAMEWORK_HEADER = YES;
				CLANG_WARN_RANGE_LOOP_ANALYSIS = YES;
				CLANG_WARN_STRICT_PROTOTYPES = YES;
				CLANG_WARN_SUSPICIOUS_MOVE = YES;
				CLANG_WARN_UNGUARDED_AVAILABILITY = YES_AGGRESSIVE;
				CLANG_WARN_UNREACHABLE_CODE = YES;
				CLANG_WARN__DUPLICATE_METHOD_MATCH = YES;
				COPY_PHASE_STRIP = NO;
				DEBUG_INFORMATION_FORMAT = "dwarf-with-dsym";
				ENABLE_NS_ASSERTIONS = NO;
				ENABLE_STRICT_OBJC_MSGSEND = YES;
				ENABLE_USER_SCRIPT_SANDBOXING = YES;
				GCC_C_LANGUAGE_STANDARD = gnu17;
				GCC_NO_COMMON_BLOCKS = YES;
				GCC_WARN_64_TO_32_BIT_CONVERSION = YES;
				GCC_WARN_ABOUT_RETURN_TYPE = YES_ERROR;
				GCC_WARN_UNDECLARED_SELECTOR = YES;
				GCC_WARN_UNINITIALIZED_AUTOS = YES_AGGRESSIVE;
				GCC_WARN_UNUSED_FUNCTION = YES;
				GCC_WARN_UNUSED_VARIABLE = YES;
				IPHONEOS_DEPLOYMENT_TARGET = 18.1;
				LOCALIZATION_PREFERS_STRING_CATALOGS = YES;
				MTL_ENABLE_DEBUG_INFO = NO;
				MTL_FAST_MATH = YES;
				SDKROOT = iphoneos;
				SWIFT_COMPILATION_MODE = wholemodule;
				VALIDATE_PRODUCT = YES;
			};
			name = Release;
		};
		CFA6B31A2CF6F9B5004CA0DF /* Debug */ = {
			isa = XCBuildConfiguration;
			buildSettings = {
				ASSETCATALOG_COMPILER_APPICON_NAME = AppIcon;
				ASSETCATALOG_COMPILER_GLOBAL_ACCENT_COLOR_NAME = AccentColor;
				CODE_SIGN_STYLE = Automatic;
				CURRENT_PROJECT_VERSION = 1;
				DEVELOPMENT_ASSET_PATHS = "\"neversnooze/Preview Content\"";
				DEVELOPMENT_TEAM = G55JU5UFGJ;
				ENABLE_PREVIEWS = YES;
				GENERATE_INFOPLIST_FILE = YES;
				INFOPLIST_KEY_UIApplicationSceneManifest_Generation = YES;
				INFOPLIST_KEY_UIApplicationSupportsIndirectInputEvents = YES;
				INFOPLIST_KEY_UILaunchScreen_Generation = YES;
				INFOPLIST_KEY_UISupportedInterfaceOrientations_iPad = "UIInterfaceOrientationPortrait UIInterfaceOrientationPortraitUpsideDown UIInterfaceOrientationLandscapeLeft UIInterfaceOrientationLandscapeRight";
				INFOPLIST_KEY_UISupportedInterfaceOrientations_iPhone = "UIInterfaceOrientationPortrait UIInterfaceOrientationLandscapeLeft UIInterfaceOrientationLandscapeRight";
				LD_RUNPATH_SEARCH_PATHS = (
					"$(inherited)",
					"@executable_path/Frameworks",
				);
				MARKETING_VERSION = 1.0;
				PRODUCT_BUNDLE_IDENTIFIER = com.ruthvik.neversnooze;
				PRODUCT_NAME = "$(TARGET_NAME)";
				SWIFT_EMIT_LOC_STRINGS = YES;
				SWIFT_VERSION = 5.0;
				TARGETED_DEVICE_FAMILY = "1,2";
			};
			name = Debug;
		};
		CFA6B31B2CF6F9B5004CA0DF /* Release */ = {
			isa = XCBuildConfiguration;
			buildSettings = {
				ASSETCATALOG_COMPILER_APPICON_NAME = AppIcon;
				ASSETCATALOG_COMPILER_GLOBAL_ACCENT_COLOR_NAME = AccentColor;
				CODE_SIGN_STYLE = Automatic;
				CURRENT_PROJECT_VERSION = 1;
				DEVELOPMENT_ASSET_PATHS = "\"neversnooze/Preview Content\"";
				DEVELOPMENT_TEAM = G55JU5UFGJ;
				ENABLE_PREVIEWS = YES;
				GENERATE_INFOPLIST_FILE = YES;
				INFOPLIST_KEY_UIApplicationSceneManifest_Generation = YES;
				INFOPLIST_KEY_UIApplicationSupportsIndirectInputEvents = YES;
				INFOPLIST_KEY_UILaunchScreen_Generation = YES;
				INFOPLIST_KEY_UISupportedInterfaceOrientations_iPad = "UIInterfaceOrientationPortrait UIInterfaceOrientationPortraitUpsideDown UIInterfaceOrientationLandscapeLeft UIInterfaceOrientationLandscapeRight";
				INFOPLIST_KEY_UISupportedInterfaceOrientations_iPhone = "UIInterfaceOrientationPortrait UIInterfaceOrientationLandscapeLeft UIInterfaceOrientationLandscapeRight";
				LD_RUNPATH_SEARCH_PATHS = (
					"$(inherited)",
					"@executable_path/Frameworks",
				);
				MARKETING_VERSION = 1.0;
				PRODUCT_BUNDLE_IDENTIFIER = com.ruthvik.neversnooze;
				PRODUCT_NAME = "$(TARGET_NAME)";
				SWIFT_EMIT_LOC_STRINGS = YES;
				SWIFT_VERSION = 5.0;
				TARGETED_DEVICE_FAMILY = "1,2";
			};
			name = Release;
		};
		CFA6B31D2CF6F9B5004CA0DF /* Debug */ = {
			isa = XCBuildConfiguration;
			buildSettings = {
				BUNDLE_LOADER = "$(TEST_HOST)";
				CODE_SIGN_STYLE = Automatic;
				CURRENT_PROJECT_VERSION = 1;
				DEVELOPMENT_TEAM = G55JU5UFGJ;
				GENERATE_INFOPLIST_FILE = YES;
				IPHONEOS_DEPLOYMENT_TARGET = 18.1;
				MARKETING_VERSION = 1.0;
				PRODUCT_BUNDLE_IDENTIFIER = com.ruthvik.neversnoozeTests;
				PRODUCT_NAME = "$(TARGET_NAME)";
				SWIFT_EMIT_LOC_STRINGS = NO;
				SWIFT_VERSION = 5.0;
				TARGETED_DEVICE_FAMILY = "1,2";
				TEST_HOST = "$(BUILT_PRODUCTS_DIR)/neversnooze.app/$(BUNDLE_EXECUTABLE_FOLDER_PATH)/neversnooze";
			};
			name = Debug;
		};
		CFA6B31E2CF6F9B5004CA0DF /* Release */ = {
			isa = XCBuildConfiguration;
			buildSettings = {
				BUNDLE_LOADER = "$(TEST_HOST)";
				CODE_SIGN_STYLE = Automatic;
				CURRENT_PROJECT_VERSION = 1;
				DEVELOPMENT_TEAM = G55JU5UFGJ;
				GENERATE_INFOPLIST_FILE = YES;
				IPHONEOS_DEPLOYMENT_TARGET = 18.1;
				MARKETING_VERSION = 1.0;
				PRODUCT_BUNDLE_IDENTIFIER = com.ruthvik.neversnoozeTests;
				PRODUCT_NAME = "$(TARGET_NAME)";
				SWIFT_EMIT_LOC_STRINGS = NO;
				SWIFT_VERSION = 5.0;
				TARGETED_DEVICE_FAMILY = "1,2";
				TEST_HOST = "$(BUILT_PRODUCTS_DIR)/neversnooze.app/$(BUNDLE_EXECUTABLE_FOLDER_PATH)/neversnooze";
			};
			name = Release;
		};
		CFA6B3202CF6F9B5004CA0DF /* Debug */ = {
			isa = XCBuildConfiguration;
			buildSettings = {
				CODE_SIGN_STYLE = Automatic;
				CURRENT_PROJECT_VERSION = 1;
				DEVELOPMENT_TEAM = G55JU5UFGJ;
				GENERATE_INFOPLIST_FILE = YES;
				MARKETING_VERSION = 1.0;
				PRODUCT_BUNDLE_IDENTIFIER = com.ruthvik.neversnoozeUITests;
				PRODUCT_NAME = "$(TARGET_NAME)";
				SWIFT_EMIT_LOC_STRINGS = NO;
				SWIFT_VERSION = 5.0;
				TARGETED_DEVICE_FAMILY = "1,2";
				TEST_TARGET_NAME = neversnooze;
			};
			name = Debug;
		};
		CFA6B3212CF6F9B5004CA0DF /* Release */ = {
			isa = XCBuildConfiguration;
			buildSettings = {
				CODE_SIGN_STYLE = Automatic;
				CURRENT_PROJECT_VERSION = 1;
				DEVELOPMENT_TEAM = G55JU5UFGJ;
				GENERATE_INFOPLIST_FILE = YES;
				MARKETING_VERSION = 1.0;
				PRODUCT_BUNDLE_IDENTIFIER = com.ruthvik.neversnoozeUITests;
				PRODUCT_NAME = "$(TARGET_NAME)";
				SWIFT_EMIT_LOC_STRINGS = NO;
				SWIFT_VERSION = 5.0;
				TARGETED_DEVICE_FAMILY = "1,2";
				TEST_TARGET_NAME = neversnooze;
			};
			name = Release;
		};
/* End XCBuildConfiguration section */

/* Begin XCConfigurationList section */
		CFA6B2F02CF6F9B3004CA0DF /* Build configuration list for PBXProject "neversnooze" */ = {
			isa = XCConfigurationList;
			buildConfigurations = (
				CFA6B3172CF6F9B5004CA0DF /* Debug */,
				CFA6B3182CF6F9B5004CA0DF /* Release */,
			);
			defaultConfigurationIsVisible = 0;
			defaultConfigurationName = Release;
		};
		CFA6B3192CF6F9B5004CA0DF /* Build configuration list for PBXNativeTarget "neversnooze" */ = {
			isa = XCConfigurationList;
			buildConfigurations = (
				CFA6B31A2CF6F9B5004CA0DF /* Debug */,
				CFA6B31B2CF6F9B5004CA0DF /* Release */,
			);
			defaultConfigurationIsVisible = 0;
			defaultConfigurationName = Release;
		};
		CFA6B31C2CF6F9B5004CA0DF /* Build configuration list for PBXNativeTarget "neversnoozeTests" */ = {
			isa = XCConfigurationList;
			buildConfigurations = (
				CFA6B31D2CF6F9B5004CA0DF /* Debug */,
				CFA6B31E2CF6F9B5004CA0DF /* Release */,
			);
			defaultConfigurationIsVisible = 0;
			defaultConfigurationName = Release;
		};
		CFA6B31F2CF6F9B5004CA0DF /* Build configuration list for PBXNativeTarget "neversnoozeUITests" */ = {
			isa = XCConfigurationList;
			buildConfigurations = (
				CFA6B3202CF6F9B5004CA0DF /* Debug */,
				CFA6B3212CF6F9B5004CA0DF /* Release */,
			);
			defaultConfigurationIsVisible = 0;
			defaultConfigurationName = Release;
		};
/* End XCConfigurationList section */
	};
	rootObject = CFA6B2ED2CF6F9B2004CA0DF /* Project object */;
}
